
Microsoft Visual Studio Solution File, Format Version 12.00
# Visual Studio Version 17
VisualStudioVersion = 17.13.35825.156 d17.13
MinimumVisualStudioVersion = 10.0.40219.1
Project("{54A90642-561A-4BB1-A94E-469ADEE60C69}") = "eventhandling", "EventHandling\eventhandling.esproj", "{2B0A2698-6D1B-A78D-4FFE-97E31F968773}"
EndProject
Global
	GlobalSection(SolutionConfigurationPlatforms) = preSolution
		Debug|Any CPU = Debug|Any CPU
		Release|Any CPU = Release|Any CPU
	EndGlobalSection
	GlobalSection(ProjectConfigurationPlatforms) = postSolution
		{2B0A2698-6D1B-A78D-4FFE-97E31F968773}.Debug|Any CPU.ActiveCfg = Debug|Any CPU
		{2B0A2698-6D1B-A78D-4FFE-97E31F968773}.Debug|Any CPU.Build.0 = Debug|Any CPU
		{2B0A2698-6D1B-A78D-4FFE-97E31F968773}.Debug|Any CPU.Deploy.0 = Debug|Any CPU
		{2B0A2698-6D1B-A78D-4FFE-97E31F968773}.Release|Any CPU.ActiveCfg = Release|Any CPU
		{2B0A2698-6D1B-A78D-4FFE-97E31F968773}.Release|Any CPU.Build.0 = Release|Any CPU
		{2B0A2698-6D1B-A78D-4FFE-97E31F968773}.Release|Any CPU.Deploy.0 = Release|Any CPU
	EndGlobalSection
	GlobalSection(SolutionProperties) = preSolution
		HideSolutionNode = FALSE
	EndGlobalSection
	GlobalSection(ExtensibilityGlobals) = postSolution
		SolutionGuid = {B0C65B22-4BA4-48D0-8D09-77FA3DF033BB}
	EndGlobalSection
EndGlobal
